
Microsoft Visual Studio Solution File, Format Version 12.00
# Visual Studio Version 17
VisualStudioVersion = 17.8.34511.84
MinimumVisualStudioVersion = 10.0.40219.1
Project("{FAE04EC0-301F-11D3-BF4B-00C04F79EFBC}") = "CIT 195 Lesson 3 FunWithMusic", "CIT 195 Lesson 3 FunWithMusic.csproj", "{249CAE10-A433-49F7-B87F-AE1D3FDBAA95}"
EndProject
Global
	GlobalSection(SolutionConfigurationPlatforms) = preSolution
		Debug|Any CPU = Debug|Any CPU
		Release|Any CPU = Release|Any CPU
	EndGlobalSection
	GlobalSection(ProjectConfigurationPlatforms) = postSolution
		{249CAE10-A433-49F7-B87F-AE1D3FDBAA95}.Debug|Any CPU.ActiveCfg = Debug|Any CPU
		{249CAE10-A433-49F7-B87F-AE1D3FDBAA95}.Debug|Any CPU.Build.0 = Debug|Any CPU
		{249CAE10-A433-49F7-B87F-AE1D3FDBAA95}.Release|Any CPU.ActiveCfg = Release|Any CPU
		{249CAE10-A433-49F7-B87F-AE1D3FDBAA95}.Release|Any CPU.Build.0 = Release|Any CPU
	EndGlobalSection
	GlobalSection(SolutionProperties) = preSolution
		HideSolutionNode = FALSE
	EndGlobalSection
	GlobalSection(ExtensibilityGlobals) = postSolution
		SolutionGuid = {AF63ED4E-A767-4BC5-9A56-A99F8D405E31}
	EndGlobalSection
EndGlobal
